
Microsoft Visual Studio Solution File, Format Version 12.00
# Visual Studio Version 16
VisualStudioVersion = 16.0.29905.134
MinimumVisualStudioVersion = 10.0.40219.1
Project("{9A19103F-16F7-4668-BE54-9A1E7A4F7556}") = "SharpBuster", "SharpBuster\SharpBuster.csproj", "{2CEB71B7-89BA-432C-BF42-680C9DB48047}"
EndProject
Global
	GlobalSection(SolutionConfigurationPlatforms) = preSolution
		Debug|Any CPU = Debug|Any CPU
		Release|Any CPU = Release|Any CPU
	EndGlobalSection
	GlobalSection(ProjectConfigurationPlatforms) = postSolution
		{2CEB71B7-89BA-432C-BF42-680C9DB48047}.Debug|Any CPU.ActiveCfg = Debug|Any CPU
		{2CEB71B7-89BA-432C-BF42-680C9DB48047}.Debug|Any CPU.Build.0 = Debug|Any CPU
		{2CEB71B7-89BA-432C-BF42-680C9DB48047}.Release|Any CPU.ActiveCfg = Release|Any CPU
		{2CEB71B7-89BA-432C-BF42-680C9DB48047}.Release|Any CPU.Build.0 = Release|Any CPU
	EndGlobalSection
	GlobalSection(SolutionProperties) = preSolution
		HideSolutionNode = FALSE
	EndGlobalSection
	GlobalSection(ExtensibilityGlobals) = postSolution
		SolutionGuid = {2C3DB4E9-5115-4E71-A0F2-6F9F9A86E83D}
	EndGlobalSection
EndGlobal
